
Microsoft Visual Studio Solution File, Format Version 12.00
# Visual Studio 15
VisualStudioVersion = 15.0.27703.2026
MinimumVisualStudioVersion = 10.0.40219.1
Project("{FAE04EC0-301F-11D3-BF4B-00C04F79EFBC}") = "Persistence.Dapper", "Persistence.Dapper\Persistence.Dapper.csproj", "{4044C150-3641-4C79-80D8-C4AF3475427B}"
EndProject
Global
	GlobalSection(SolutionConfigurationPlatforms) = preSolution
		Debug|Any CPU = Debug|Any CPU
		Release|Any CPU = Release|Any CPU
	EndGlobalSection
	GlobalSection(ProjectConfigurationPlatforms) = postSolution
		{4044C150-3641-4C79-80D8-C4AF3475427B}.Debug|Any CPU.ActiveCfg = Debug|Any CPU
		{4044C150-3641-4C79-80D8-C4AF3475427B}.Debug|Any CPU.Build.0 = Debug|Any CPU
		{4044C150-3641-4C79-80D8-C4AF3475427B}.Release|Any CPU.ActiveCfg = Release|Any CPU
		{4044C150-3641-4C79-80D8-C4AF3475427B}.Release|Any CPU.Build.0 = Release|Any CPU
	EndGlobalSection
	GlobalSection(SolutionProperties) = preSolution
		HideSolutionNode = FALSE
	EndGlobalSection
	GlobalSection(ExtensibilityGlobals) = postSolution
		SolutionGuid = {287B9C35-EAEC-4BB9-AE6E-6684643FABF9}
	EndGlobalSection
EndGlobal
